// !$*UTF8*$!
{
	archiveVersion = 1;
	classes = {
	};
	objectVersion = 50;
	objects = {

/* Begin PBXBuildFile section */
		266B4A5822E77FB5001D562F /* AppDelegate.swift in Sources */ = {isa = PBXBuildFile; fileRef = 266B4A5722E77FB5001D562F /* AppDelegate.swift */; };
		266B4A5A22E77FB5001D562F /* ViewController.swift in Sources */ = {isa = PBXBuildFile; fileRef = 266B4A5922E77FB5001D562F /* ViewController.swift */; };
		266B4A5D22E77FB5001D562F /* Main.storyboard in Resources */ = {isa = PBXBuildFile; fileRef = 266B4A5B22E77FB5001D562F /* Main.storyboard */; };
		266B4A6022E77FB5001D562F /* Note_taking_app.xcdatamodeld in Sources */ = {isa = PBXBuildFile; fileRef = 266B4A5E22E77FB5001D562F /* Note_taking_app.xcdatamodeld */; };
		266B4A6222E77FB6001D562F /* Assets.xcassets in Resources */ = {isa = PBXBuildFile; fileRef = 266B4A6122E77FB6001D562F /* Assets.xcassets */; };
		266B4A6522E77FB6001D562F /* LaunchScreen.storyboard in Resources */ = {isa = PBXBuildFile; fileRef = 266B4A6322E77FB6001D562F /* LaunchScreen.storyboard */; };
/* End PBXBuildFile section */

/* Begin PBXFileReference section */
		266B4A5422E77FB5001D562F /* Note_taking_app.app */ = {isa = PBXFileReference; explicitFileType = wrapper.application; includeInIndex = 0; path = Note_taking_app.app; sourceTree = BUILT_PRODUCTS_DIR; };
		266B4A5722E77FB5001D562F /* AppDelegate.swift */ = {isa = PBXFileReference; lastKnownFileType = sourcecode.swift; path = AppDelegate.swift; sourceTree = "<group>"; };
		266B4A5922E77FB5001D562F /* ViewController.swift */ = {isa = PBXFileReference; lastKnownFileType = sourcecode.swift; path = ViewController.swift; sourceTree = "<group>"; };
		266B4A5C22E77FB5001D562F /* Base */ = {isa = PBXFileReference; lastKnownFileType = file.storyboard; name = Base; path = Base.lproj/Main.storyboard; sourceTree = "<group>"; };
		266B4A5F22E77FB5001D562F /* Note_taking_app.xcdatamodel */ = {isa = PBXFileReference; lastKnownFileType = wrapper.xcdatamodel; path = Note_taking_app.xcdatamodel; sourceTree = "<group>"; };
		266B4A6122E77FB6001D562F /* Assets.xcassets */ = {isa = PBXFileReference; lastKnownFileType = folder.assetcatalog; path = Assets.xcassets; sourceTree = "<group>"; };
		266B4A6422E77FB6001D562F /* Base */ = {isa = PBXFileReference; lastKnownFileType = file.storyboard; name = Base; path = Base.lproj/LaunchScreen.storyboard; sourceTree = "<group>"; };
		266B4A6622E77FB6001D562F /* Info.plist */ = {isa = PBXFileReference; lastKnownFileType = text.plist.xml; path = Info.plist; sourceTree = "<group>"; };
/* End PBXFileReference section */

/* Begin PBXFrameworksBuildPhase section */
		266B4A5122E77FB5001D562F /* Frameworks */ = {
			isa = PBXFrameworksBuildPhase;
			buildActionMask = 2147483647;
			files = (
			);
			runOnlyForDeploymentPostprocessing = 0;
		};
/* End PBXFrameworksBuildPhase section */

/* Begin PBXGroup section */
		266B4A4B22E77FB5001D562F = {
			isa = PBXGroup;
			children = (
				266B4A5622E77FB5001D562F /* Note_taking_app */,
				266B4A5522E77FB5001D562F /* Products */,
			);
			sourceTree = "<group>";
		};
		266B4A5522E77FB5001D562F /* Products */ = {
			isa = PBXGroup;
			children = (
				266B4A5422E77FB5001D562F /* Note_taking_app.app */,
			);
			name = Products;
			sourceTree = "<group>";
		};
		266B4A5622E77FB5001D562F /* Note_taking_app */ = {
			isa = PBXGroup;
			children = (
				266B4A5722E77FB5001D562F /* AppDelegate.swift */,
				266B4A5922E77FB5001D562F /* ViewController.swift */,
				266B4A5B22E77FB5001D562F /* Main.storyboard */,
				266B4A6122E77FB6001D562F /* Assets.xcassets */,
				266B4A6322E77FB6001D562F /* LaunchScreen.storyboard */,
				266B4A6622E77FB6001D562F /* Info.plist */,
				266B4A5E22E77FB5001D562F /* Note_taking_app.xcdatamodeld */,
			);
			path = Note_taking_app;
			sourceTree = "<group>";
		};
/* End PBXGroup section */

/* Begin PBXNativeTarget section */
		266B4A5322E77FB5001D562F /* Note_taking_app */ = {
			isa = PBXNativeTarget;
			buildConfigurationList = 266B4A6922E77FB6001D562F /* Build configuration list for PBXNativeTarget "Note_taking_app" */;
			buildPhases = (
				266B4A5022E77FB5001D562F /* Sources */,
				266B4A5122E77FB5001D562F /* Frameworks */,
				266B4A5222E77FB5001D562F /* Resources */,
			);
			buildRules = (
			);
			dependencies = (
			);
			name = Note_taking_app;
			productName = Note_taking_app;
			productReference = 266B4A5422E77FB5001D562F /* Note_taking_app.app */;
			productType = "com.apple.product-type.application";
		};
/* End PBXNativeTarget section */

/* Begin PBXProject section */
		266B4A4C22E77FB5001D562F /* Project object */ = {
			isa = PBXProject;
			attributes = {
				LastSwiftUpdateCheck = 1020;
				LastUpgradeCheck = 1020;
				ORGANIZATIONNAME = "Team Stang";
				TargetAttributes = {
					266B4A5322E77FB5001D562F = {
						CreatedOnToolsVersion = 10.2.1;
					};
				};
			};
			buildConfigurationList = 266B4A4F22E77FB5001D562F /* Build configuration list for PBXProject "Note_taking_app" */;
			compatibilityVersion = "Xcode 9.3";
			developmentRegion = en;
			hasScannedForEncodings = 0;
			knownRegions = (
				en,
				Base,
			);
			mainGroup = 266B4A4B22E77FB5001D562F;
			productRefGroup = 266B4A5522E77FB5001D562F /* Products */;
			projectDirPath = "";
			projectRoot = "";
			targets = (
				266B4A5322E77FB5001D562F /* Note_taking_app */,
			);
		};
/* End PBXProject section */

/* Begin PBXResourcesBuildPhase section */
		266B4A5222E77FB5001D562F /* Resources */ = {
			isa = PBXResourcesBuildPhase;
			buildActionMask = 2147483647;
			files = (
				266B4A6522E77FB6001D562F /* LaunchScreen.storyboard in Resources */,
				266B4A6222E77FB6001D562F /* Assets.xcassets in Resources */,
				266B4A5D22E77FB5001D562F /* Main.storyboard in Resources */,
			);
			runOnlyForDeploymentPostprocessing = 0;
		};
/* End PBXResourcesBuildPhase section */

/* Begin PBXSourcesBuildPhase section */
		266B4A5022E77FB5001D562F /* Sources */ = {
			isa = PBXSourcesBuildPhase;
			buildActionMask = 2147483647;
			files = (
				266B4A6022E77FB5001D562F /* Note_taking_app.xcdatamodeld in Sources */,
				266B4A5A22E77FB5001D562F /* ViewController.swift in Sources */,
				266B4A5822E77FB5001D562F /* AppDelegate.swift in Sources */,
			);
			runOnlyForDeploymentPostprocessing = 0;
		};
/* End PBXSourcesBuildPhase section */

/* Begin PBXVariantGroup section */
		266B4A5B22E77FB5001D562F /* Main.storyboard */ = {
			isa = PBXVariantGroup;
			children = (
				266B4A5C22E77FB5001D562F /* Base */,
			);
			name = Main.storyboard;
			sourceTree = "<group>";
		};
		266B4A6322E77FB6001D562F /* LaunchScreen.storyboard */ = {
			isa = PBXVariantGroup;
			children = (
				266B4A6422E77FB6001D562F /* Base */,
			);
			name = LaunchScreen.storyboard;
			sourceTree = "<group>";
		};
/* End PBXVariantGroup section */

/* Begin XCBuildConfiguration section */
		266B4A6722E77FB6001D562F /* Debug */ = {
			isa = XCBuildConfiguration;
			buildSettings = {
				ALWAYS_SEARCH_USER_PATHS = NO;
				CLANG_ANALYZER_NONNULL = YES;
				CLANG_ANALYZER_NUMBER_OBJECT_CONVERSION = YES_AGGRESSIVE;
				CLANG_CXX_LANGUAGE_STANDARD = "gnu++14";
				CLANG_CXX_LIBRARY = "libc++";
				CLANG_ENABLE_MODULES = YES;
				CLANG_ENABLE_OBJC_ARC = YES;
				CLANG_ENABLE_OBJC_WEAK = YES;
				CLANG_WARN_BLOCK_CAPTURE_AUTORELEASING = YES;
				CLANG_WARN_BOOL_CONVERSION = YES;
				CLANG_WARN_COMMA = YES;
				CLANG_WARN_CONSTANT_CONVERSION = YES;
				CLANG_WARN_DEPRECATED_OBJC_IMPLEMENTATIONS = YES;
				CLANG_WARN_DIRECT_OBJC_ISA_USAGE = YES_ERROR;
				CLANG_WARN_DOCUMENTATION_COMMENTS = YES;
				CLANG_WARN_EMPTY_BODY = YES;
				CLANG_WARN_ENUM_CONVERSION = YES;
				CLANG_WARN_INFINITE_RECURSION = YES;
				CLANG_WARN_INT_CONVERSION = YES;
				CLANG_WARN_NON_LITERAL_NULL_CONVERSION = YES;
				CLANG_WARN_OBJC_IMPLICIT_RETAIN_SELF = YES;
				CLANG_WARN_OBJC_LITERAL_CONVERSION = YES;
				CLANG_WARN_OBJC_ROOT_CLASS = YES_ERROR;
				CLANG_WARN_RANGE_LOOP_ANALYSIS = YES;
				CLANG_WARN_STRICT_PROTOTYPES = YES;
				CLANG_WARN_SUSPICIOUS_MOVE = YES;
				CLANG_WARN_UNGUARDED_AVAILABILITY = YES_AGGRESSIVE;
				CLANG_WARN_UNREACHABLE_CODE = YES;
				CLANG_WARN__DUPLICATE_METHOD_MATCH = YES;
				CODE_SIGN_IDENTITY = "iPhone Developer";
				COPY_PHASE_STRIP = NO;
				DEBUG_INFORMATION_FORMAT = dwarf;
				ENABLE_STRICT_OBJC_MSGSEND = YES;
				ENABLE_TESTABILITY = YES;
				GCC_C_LANGUAGE_STANDARD = gnu11;
				GCC_DYNAMIC_NO_PIC = NO;
				GCC_NO_COMMON_BLOCKS = YES;
				GCC_OPTIMIZATION_LEVEL = 0;
				GCC_PREPROCESSOR_DEFINITIONS = (
					"DEBUG=1",
					"$(inherited)",
				);
				GCC_WARN_64_TO_32_BIT_CONVERSION = YES;
				GCC_WARN_ABOUT_RETURN_TYPE = YES_ERROR;
				GCC_WARN_UNDECLARED_SELECTOR = YES;
				GCC_WARN_UNINITIALIZED_AUTOS = YES_AGGRESSIVE;
				GCC_WARN_UNUSED_FUNCTION = YES;
				GCC_WARN_UNUSED_VARIABLE = YES;
				IPHONEOS_DEPLOYMENT_TARGET = 12.2;
				MTL_ENABLE_DEBUG_INFO = INCLUDE_SOURCE;
				MTL_FAST_MATH = YES;
				ONLY_ACTIVE_ARCH = YES;
				SDKROOT = iphoneos;
				SWIFT_ACTIVE_COMPILATION_CONDITIONS = DEBUG;
				SWIFT_OPTIMIZATION_LEVEL = "-Onone";
			};
			name = Debug;
		};
		266B4A6822E77FB6001D562F /* Release */ = {
			isa = XCBuildConfiguration;
			buildSettings = {
				ALWAYS_SEARCH_USER_PATHS = NO;
				CLANG_ANALYZER_NONNULL = YES;
				CLANG_ANALYZER_NUMBER_OBJECT_CONVERSION = YES_AGGRESSIVE;
				CLANG_CXX_LANGUAGE_STANDARD = "gnu++14";
				CLANG_CXX_LIBRARY = "libc++";
				CLANG_ENABLE_MODULES = YES;
				CLANG_ENABLE_OBJC_ARC = YES;
				CLANG_ENABLE_OBJC_WEAK = YES;
				CLANG_WARN_BLOCK_CAPTURE_AUTORELEASING = YES;
				CLANG_WARN_BOOL_CONVERSION = YES;
				CLANG_WARN_COMMA = YES;
				CLANG_WARN_CONSTANT_CONVERSION = YES;
				CLANG_WARN_DEPRECATED_OBJC_IMPLEMENTATIONS = YES;
				CLANG_WARN_DIRECT_OBJC_ISA_USAGE = YES_ERROR;
				CLANG_WARN_DOCUMENTATION_COMMENTS = YES;
				CLANG_WARN_EMPTY_BODY = YES;
				CLANG_WARN_ENUM_CONVERSION = YES;
				CLANG_WARN_INFINITE_RECURSION = YES;
				CLANG_WARN_INT_CONVERSION = YES;
				CLANG_WARN_NON_LITERAL_NULL_CONVERSION = YES;
				CLANG_WARN_OBJC_IMPLICIT_RETAIN_SELF = YES;
				CLANG_WARN_OBJC_LITERAL_CONVERSION = YES;
				CLANG_WARN_OBJC_ROOT_CLASS = YES_ERROR;
				CLANG_WARN_RANGE_LOOP_ANALYSIS = YES;
				CLANG_WARN_STRICT_PROTOTYPES = YES;
				CLANG_WARN_SUSPICIOUS_MOVE = YES;
				CLANG_WARN_UNGUARDED_AVAILABILITY = YES_AGGRESSIVE;
				CLANG_WARN_UNREACHABLE_CODE = YES;
				CLANG_WARN__DUPLICATE_METHOD_MATCH = YES;
				CODE_SIGN_IDENTITY = "iPhone Developer";
				COPY_PHASE_STRIP = NO;
				DEBUG_INFORMATION_FORMAT = "dwarf-with-dsym";
				ENABLE_NS_ASSERTIONS = NO;
				ENABLE_STRICT_OBJC_MSGSEND = YES;
				GCC_C_LANGUAGE_STANDARD = gnu11;
				GCC_NO_COMMON_BLOCKS = YES;
				GCC_WARN_64_TO_32_BIT_CONVERSION = YES;
				GCC_WARN_ABOUT_RETURN_TYPE = YES_ERROR;
				GCC_WARN_UNDECLARED_SELECTOR = YES;
				GCC_WARN_UNINITIALIZED_AUTOS = YES_AGGRESSIVE;
				GCC_WARN_UNUSED_FUNCTION = YES;
				GCC_WARN_UNUSED_VARIABLE = YES;
				IPHONEOS_DEPLOYMENT_TARGET = 12.2;
				MTL_ENABLE_DEBUG_INFO = NO;
				MTL_FAST_MATH = YES;
				SDKROOT = iphoneos;
				SWIFT_COMPILATION_MODE = wholemodule;
				SWIFT_OPTIMIZATION_LEVEL = "-O";
				VALIDATE_PRODUCT = YES;
			};
			name = Release;
		};
		266B4A6A22E77FB6001D562F /* Debug */ = {
			isa = XCBuildConfiguration;
			buildSettings = {
				ASSETCATALOG_COMPILER_APPICON_NAME = AppIcon;
				CODE_SIGN_STYLE = Automatic;
				INFOPLIST_FILE = Note_taking_app/Info.plist;
				LD_RUNPATH_SEARCH_PATHS = (
					"$(inherited)",
					"@executable_path/Frameworks",
				);
				PRODUCT_BUNDLE_IDENTIFIER = "com.developers.Note-taking-app";
				PRODUCT_NAME = "$(TARGET_NAME)";
				SWIFT_VERSION = 5.0;
				TARGETED_DEVICE_FAMILY = "1,2";
			};
			name = Debug;
		};
		266B4A6B22E77FB6001D562F /* Release */ = {
			isa = XCBuildConfiguration;
			buildSettings = {
				ASSETCATALOG_COMPILER_APPICON_NAME = AppIcon;
				CODE_SIGN_STYLE = Automatic;
				INFOPLIST_FILE = Note_taking_app/Info.plist;
				LD_RUNPATH_SEARCH_PATHS = (
					"$(inherited)",
					"@executable_path/Frameworks",
				);
				PRODUCT_BUNDLE_IDENTIFIER = "com.developers.Note-taking-app";
				PRODUCT_NAME = "$(TARGET_NAME)";
				SWIFT_VERSION = 5.0;
				TARGETED_DEVICE_FAMILY = "1,2";
			};
			name = Release;
		};
/* End XCBuildConfiguration section */

/* Begin XCConfigurationList section */
		266B4A4F22E77FB5001D562F /* Build configuration list for PBXProject "Note_taking_app" */ = {
			isa = XCConfigurationList;
			buildConfigurations = (
				266B4A6722E77FB6001D562F /* Debug */,
				266B4A6822E77FB6001D562F /* Release */,
			);
			defaultConfigurationIsVisible = 0;
			defaultConfigurationName = Release;
		};
		266B4A6922E77FB6001D562F /* Build configuration list for PBXNativeTarget "Note_taking_app" */ = {
			isa = XCConfigurationList;
			buildConfigurations = (
				266B4A6A22E77FB6001D562F /* Debug */,
				266B4A6B22E77FB6001D562F /* Release */,
			);
			defaultConfigurationIsVisible = 0;
			defaultConfigurationName = Release;
		};
/* End XCConfigurationList section */

/* Begin XCVersionGroup section */
		266B4A5E22E77FB5001D562F /* Note_taking_app.xcdatamodeld */ = {
			isa = XCVersionGroup;
			children = (
				266B4A5F22E77FB5001D562F /* Note_taking_app.xcdatamodel */,
			);
			currentVersion = 266B4A5F22E77FB5001D562F /* Note_taking_app.xcdatamodel */;
			path = Note_taking_app.xcdatamodeld;
			sourceTree = "<group>";
			versionGroupType = wrapper.xcdatamodel;
		};
/* End XCVersionGroup section */
	};
	rootObject = 266B4A4C22E77FB5001D562F /* Project object */;
}
